{
  "name": "fixture-gen",
  "version": "1.0.0",
  "lockfileVersion": 3,
  "requires": true,
  "packages": {
    "": {
      "name": "fixture-gen",
      "version": "1.0.0",
      "dependencies": {
        "@chainsafe/persistent-merkle-tree": "^1.2.1",
        "@chainsafe/ssz": "^1.3.0",
        "@ethereumjs/rlp": "^10.1.1",
        "@ethereumjs/trie": "^6.2.1",
        "@ethereumjs/util": "^10.1.1",
        "@lodestar/types": "^1.41.0",
        "ethers": "^6.17.0"
      }
    },
    "node_modules/@adraffy/ens-normalize": {
      "version": "1.11.1",
      "resolved": "https://registry.npmjs.org/@adraffy/ens-normalize/-/ens-normalize-1.11.1.tgz",
      "integrity": "sha512-nhCBV3quEgesuf7c7KYfperqSS14T8bYuvJ8PcLJp6znkZpFc0AuW4qBtr8eKVyPPe/8RSr7sglCWPU5eaxwKQ==",
      "license": "MIT"
    },
    "node_modules/@chainsafe/as-sha256": {
      "version": "1.2.4",
      "resolved": "https://registry.npmjs.org/@chainsafe/as-sha256/-/as-sha256-1.2.4.tgz",
      "integrity": "sha512-3GXDysZOKD6cTYbm48lEdXdUbS7cafjXQZfgHOspTByhoGR/JM3KBXyF3vE6bf63ImjNPyoEZwnQcpYPQ6k3bQ==",
      "license": "Apache-2.0"
    },
    "node_modules/@chainsafe/hashtree": {
      "version": "1.0.2",
      "resolved": "https://registry.npmjs.org/@chainsafe/hashtree/-/hashtree-1.0.2.tgz",
      "integrity": "sha512-OaWjsZ6S/GaT2RvaqdpsF5Mux8qQOE2KbitX2yHmQJZNUZkdh7C3N4PA5LsvewqX+z8Nkv8mr1uSe0LSrHGiQw==",
      "license": "MIT",
      "engines": {
        "node": ">= 18"
      },
      "optionalDependencies": {
        "@chainsafe/hashtree-darwin-arm64": "1.0.2",
        "@chainsafe/hashtree-linux-arm64-gnu": "1.0.2",
        "@chainsafe/hashtree-linux-arm64-musl": "1.0.2",
        "@chainsafe/hashtree-linux-x64-gnu": "1.0.2",
        "@chainsafe/hashtree-linux-x64-musl": "1.0.2",
        "@chainsafe/hashtree-win32-x64-msvc": "1.0.2"
      }
    },
    "node_modules/@chainsafe/hashtree-darwin-arm64": {
      "version": "1.0.2",
      "resolved": "https://registry.npmjs.org/@chainsafe/hashtree-darwin-arm64/-/hashtree-darwin-arm64-1.0.2.tgz",
      "integrity": "sha512-yIIwn9SUR5ZTl2vN1QqRtDFL/w2xYW4o68A1k8UexMbieGAnE7Ab7NvtCZRHRe8x0eONO46F/bWn5bxxyYlFXw==",
      "cpu": [
        "arm64"
      ],
      "license": "MIT",
      "optional": true,
      "os": [
        "darwin"
      ],
      "engines": {
        "node": ">= 18"
      }
    },
    "node_modules/@chainsafe/hashtree-linux-arm64-gnu": {
      "version": "1.0.2",
      "resolved": "https://registry.npmjs.org/@chainsafe/hashtree-linux-arm64-gnu/-/hashtree-linux-arm64-gnu-1.0.2.tgz",
      "integrity": "sha512-MDz1xBRTRHw2eezGqx1Ff8NoeUUQP3bhbeeVG8ZZTkFYqvRc8O65OQOTtgO+fFGvqnDjVBSRHmiTXU5eNeH/mQ==",
      "cpu": [
        "arm64"
      ],
      "libc": [
        "glibc"
      ],
      "license": "MIT",
      "optional": true,
      "os": [
        "linux"
      ],
      "engines": {
        "node": ">= 18"
      }
    },
    "node_modules/@chainsafe/hashtree-linux-arm64-musl": {
      "version": "1.0.2",
      "resolved": "https://registry.npmjs.org/@chainsafe/hashtree-linux-arm64-musl/-/hashtree-linux-arm64-musl-1.0.2.tgz",
      "integrity": "sha512-BUy+/9brJwAFAtraro4y/1F+aP/8j/7HrnYdde8PTu7jHWAClI9xZygadaJbk0GoWxyCOUAJKUs8KHVnYxJDeg==",
      "cpu": [
        "arm64"
      ],
      "libc": [
        "musl"
      ],
      "license": "MIT",
      "optional": true,
      "os": [
        "linux"
      ],
      "engines": {
        "node": ">= 18"
      }
    },
    "node_modules/@chainsafe/hashtree-linux-x64-gnu": {
      "version": "1.0.2",
      "resolved": "https://registry.npmjs.org/@chainsafe/hashtree-linux-x64-gnu/-/hashtree-linux-x64-gnu-1.0.2.tgz",
      "integrity": "sha512-bFy9ffFG77SivmeOjOlZmOCrxzQ/WqUESy0I+dW6IX7wquTXHldJKWvohs9+FEn3TSXgeigFmEATz5tfxBfIZw==",
      "cpu": [
        "x64"
      ],
      "libc": [
        "glibc"
      ],
      "license": "MIT",
      "optional": true,
      "os": [
        "linux"
      ],
      "engines": {
        "node": ">= 18"
      }
    },
    "node_modules/@chainsafe/hashtree-linux-x64-musl": {
      "version": "1.0.2",
      "resolved": "https://registry.npmjs.org/@chainsafe/hashtree-linux-x64-musl/-/hashtree-linux-x64-musl-1.0.2.tgz",
      "integrity": "sha512-mbJB3C0RjwpqOMPZIUQm3IBH6d3sYiKDXMU6ORt5nuk7Ix2I80xxffAciDO1d7kKNnW6HStOj5s/rGhIDxK1ug==",
      "cpu": [
        "x64"
      ],
      "libc": [
        "musl"
      ],
      "license": "MIT",
      "optional": true,
      "os": [
        "linux"
      ],
      "engines": {
        "node": ">= 18"
      }
    },
    "node_modules/@chainsafe/hashtree-win32-x64-msvc": {
      "version": "1.0.2",
      "resolved": "https://registry.npmjs.org/@chainsafe/hashtree-win32-x64-msvc/-/hashtree-win32-x64-msvc-1.0.2.tgz",
      "integrity": "sha512-wXFhGqaydgadefQbjSTGqZY1R1MBhnJj+gbJhULNRUXco5pHsXfOk3QhCDAefp1PPW+wQwfT4clEnQCqJIf58w==",
      "cpu": [
        "x64"
      ],
      "license": "MIT",
      "optional": true,
      "os": [
        "win32"
      ],
      "engines": {
        "node": ">= 18"
      }
    },
    "node_modules/@chainsafe/persistent-merkle-tree": {
      "version": "1.3.0",
      "resolved": "https://registry.npmjs.org/@chainsafe/persistent-merkle-tree/-/persistent-merkle-tree-1.3.0.tgz",
      "integrity": "sha512-xGe95xNkYayC5BYQpo7ft5oHwyf52YtqBip+GJqZ9XgKSzraw93qUMNeqKrOVJbZM5HEOys8xxkt0h7VD1a9cw==",
      "license": "Apache-2.0",
      "dependencies": {
        "@chainsafe/as-sha256": "",
        "@chainsafe/hashtree": "1.0.2",
        "@noble/hashes": "^1.3.0"
      }
    },
    "node_modules/@chainsafe/ssz": {
      "version": "1.6.2",
      "resolved": "https://registry.npmjs.org/@chainsafe/ssz/-/ssz-1.6.2.tgz",
      "integrity": "sha512-XJELFJBHBstcvyRuXWPmNc/WRWmV5FVV03+iPTpgtCPQaImEHjKU4bc/5me35dRrXpehC04LD4ePYayOUjxFbw==",
      "license": "Apache-2.0",
      "dependencies": {
        "@chainsafe/as-sha256": "",
        "@chainsafe/persistent-merkle-tree": ""
      }
    },
    "node_modules/@ethereumjs/rlp": {
      "version": "10.1.2",
      "resolved": "https://registry.npmjs.org/@ethereumjs/rlp/-/rlp-10.1.2.tgz",
      "integrity": "sha512-T5Zt6C2pd02Wd88Q9A5/UX+He1Q2Y1LntHxz/038tfbUMiqby4fYSSTLEDx+TEfJqw1BsJSBY/TSu6goUzlk+w==",
      "license": "MPL-2.0",
      "bin": {
        "rlp": "bin/rlp.cjs"
      },
      "engines": {
        "node": ">=20"
      }
    },
    "node_modules/@ethereumjs/trie": {
      "version": "6.2.1",
      "resolved": "https://registry.npmjs.org/@ethereumjs/trie/-/trie-6.2.1.tgz",
      "integrity": "sha512-MguABMVi/dPtgagK+SuY57rpXFP+Ghr2x+pBDy+e3VmMqUY+WGzFu1QWjBb5/iJ7lINk4CI2Uwsih07Nu9sTSg==",
      "license": "MPL-2.0",
      "dependencies": {
        "@ethereumjs/rlp": "^5.0.2",
        "@ethereumjs/util": "^9.1.0",
        "@types/readable-stream": "^2.3.13",
        "debug": "^4.3.4",
        "ethereum-cryptography": "^2.2.1",
        "lru-cache": "10.1.0",
        "readable-stream": "^3.6.0"
      },
      "engines": {
        "node": ">=18"
      }
    },
    "node_modules/@ethereumjs/trie/node_modules/@ethereumjs/rlp": {
      "version": "5.0.2",
      "resolved": "https://registry.npmjs.org/@ethereumjs/rlp/-/rlp-5.0.2.tgz",
      "integrity": "sha512-DziebCdg4JpGlEqEdGgXmjqcFoJi+JGulUXwEjsZGAscAQ7MyD/7LE/GVCP29vEQxKc7AAwjT3A2ywHp2xfoCA==",
      "license": "MPL-2.0",
      "bin": {
        "rlp": "bin/rlp.cjs"
      },
      "engines": {
        "node": ">=18"
      }
    },
    "node_modules/@ethereumjs/trie/node_modules/@ethereumjs/util": {
      "version": "9.1.0",
      "resolved": "https://registry.npmjs.org/@ethereumjs/util/-/util-9.1.0.tgz",
      "integrity": "sha512-XBEKsYqLGXLah9PNJbgdkigthkG7TAGvlD/sH12beMXEyHDyigfcbdvHhmLyDWgDyOJn4QwiQUaF7yeuhnjdog==",
      "license": "MPL-2.0",
      "dependencies": {
        "@ethereumjs/rlp": "^5.0.2",
        "ethereum-cryptography": "^2.2.1"
      },
      "engines": {
        "node": ">=18"
      }
    },
    "node_modules/@ethereumjs/util": {
      "version": "10.1.2",
      "resolved": "https://registry.npmjs.org/@ethereumjs/util/-/util-10.1.2.tgz",
      "integrity": "sha512-UPBgXtHHfQugoXOSAoeG3jdmPbl37cwV9y3XqTPAnw8tJj8np14TPV2uc5lOs7C2LMF9Ubn66zyaiYxgwGppng==",
      "license": "MPL-2.0",
      "dependencies": {
        "@ethereumjs/rlp": "^10.1.2",
        "@noble/curves": "^2.0.1",
        "@noble/hashes": "^2.0.1"
      },
      "engines": {
        "node": ">=20"
      }
    },
    "node_modules/@ethereumjs/util/node_modules/@noble/hashes": {
      "version": "2.2.0",
      "resolved": "https://registry.npmjs.org/@noble/hashes/-/hashes-2.2.0.tgz",
      "integrity": "sha512-IYqDGiTXab6FniAgnSdZwgWbomxpy9FtYvLKs7wCUs2a8RkITG+DFGO1DM9cr+E3/RgADRpFjrKVaJ1z6sjtEg==",
      "license": "MIT",
      "engines": {
        "node": ">= 20.19.0"
      },
      "funding": {
        "url": "https://paulmillr.com/funding/"
      }
    },
    "node_modules/@lodestar/params": {
      "version": "1.44.0",
      "resolved": "https://registry.npmjs.org/@lodestar/params/-/params-1.44.0.tgz",
      "integrity": "sha512-Hhb/YNLGSGLLVvCpfmTPaJzKXBSL1Sd64XWkpfO8+jkZOcRQM6GvRpMgbkJIdUBu2yC0B9sT19/iWxPik84jow==",
      "license": "Apache-2.0"
    },
    "node_modules/@lodestar/types": {
      "version": "1.44.0",
      "resolved": "https://registry.npmjs.org/@lodestar/types/-/types-1.44.0.tgz",
      "integrity": "sha512-ZTa147pQOaoEntaLRF2sI6wWIirl8lw2XP1cOpu0+wuTfNucJMTA97JfbzMAi1gC83L+kHLjRH+TR1kB6XIU+Q==",
      "license": "Apache-2.0",
      "dependencies": {
        "@chainsafe/ssz": "^1.4.0",
        "@lodestar/params": "^1.44.0",
        "ethereum-cryptography": "^2.0.0"
      }
    },
    "node_modules/@noble/curves": {
      "version": "2.2.0",
      "resolved": "https://registry.npmjs.org/@noble/curves/-/curves-2.2.0.tgz",
      "integrity": "sha512-T/BoHgFXirb0ENSPBquzX0rcjXeM6Lo892a2jlYJkqk83LqZx0l1Of7DzlKJ6jkpvMrkHSnAcgb5JegL8SeIkQ==",
      "license": "MIT",
      "dependencies": {
        "@noble/hashes": "2.2.0"
      },
      "engines": {
        "node": ">= 20.19.0"
      },
      "funding": {
        "url": "https://paulmillr.com/funding/"
      }
    },
    "node_modules/@noble/curves/node_modules/@noble/hashes": {
      "version": "2.2.0",
      "resolved": "https://registry.npmjs.org/@noble/hashes/-/hashes-2.2.0.tgz",
      "integrity": "sha512-IYqDGiTXab6FniAgnSdZwgWbomxpy9FtYvLKs7wCUs2a8RkITG+DFGO1DM9cr+E3/RgADRpFjrKVaJ1z6sjtEg==",
      "license": "MIT",
      "engines": {
        "node": ">= 20.19.0"
      },
      "funding": {
        "url": "https://paulmillr.com/funding/"
      }
    },
    "node_modules/@noble/hashes": {
      "version": "1.8.0",
      "resolved": "https://registry.npmjs.org/@noble/hashes/-/hashes-1.8.0.tgz",
      "integrity": "sha512-jCs9ldd7NwzpgXDIf6P3+NrHh9/sD6CQdxHyjQI+h/6rDNo88ypBxxz45UDuZHz9r3tNz7N/VInSVoVdtXEI4A==",
      "license": "MIT",
      "engines": {
        "node": "^14.21.3 || >=16"
      },
      "funding": {
        "url": "https://paulmillr.com/funding/"
      }
    },
    "node_modules/@scure/base": {
      "version": "1.1.9",
      "resolved": "https://registry.npmjs.org/@scure/base/-/base-1.1.9.tgz",
      "integrity": "sha512-8YKhl8GHiNI/pU2VMaofa2Tor7PJRAjwQLBBuilkJ9L5+13yVbC7JO/wS7piioAvPSwR3JKM1IJ/u4xQzbcXKg==",
      "license": "MIT",
      "funding": {
        "url": "https://paulmillr.com/funding/"
      }
    },
    "node_modules/@scure/bip32": {
      "version": "1.4.0",
      "resolved": "https://registry.npmjs.org/@scure/bip32/-/bip32-1.4.0.tgz",
      "integrity": "sha512-sVUpc0Vq3tXCkDGYVWGIZTRfnvu8LoTDaev7vbwh0omSvVORONr960MQWdKqJDCReIEmTj3PAr73O3aoxz7OPg==",
      "license": "MIT",
      "dependencies": {
        "@noble/curves": "~1.4.0",
        "@noble/hashes": "~1.4.0",
        "@scure/base": "~1.1.6"
      },
      "funding": {
        "url": "https://paulmillr.com/funding/"
      }
    },
    "node_modules/@scure/bip32/node_modules/@noble/curves": {
      "version": "1.4.2",
      "resolved": "https://registry.npmjs.org/@noble/curves/-/curves-1.4.2.tgz",
      "integrity": "sha512-TavHr8qycMChk8UwMld0ZDRvatedkzWfH8IiaeGCfymOP5i0hSCozz9vHOL0nkwk7HRMlFnAiKpS2jrUmSybcw==",
      "license": "MIT",
      "dependencies": {
        "@noble/hashes": "1.4.0"
      },
      "funding": {
        "url": "https://paulmillr.com/funding/"
      }
    },
    "node_modules/@scure/bip32/node_modules/@noble/hashes": {
      "version": "1.4.0",
      "resolved": "https://registry.npmjs.org/@noble/hashes/-/hashes-1.4.0.tgz",
      "integrity": "sha512-V1JJ1WTRUqHHrOSh597hURcMqVKVGL/ea3kv0gSnEdsEZ0/+VyPghM1lMNGc00z7CIQorSvbKpuJkxvuHbvdbg==",
      "license": "MIT",
      "engines": {
        "node": ">= 16"
      },
      "funding": {
        "url": "https://paulmillr.com/funding/"
      }
    },
    "node_modules/@scure/bip39": {
      "version": "1.3.0",
      "resolved": "https://registry.npmjs.org/@scure/bip39/-/bip39-1.3.0.tgz",
      "integrity": "sha512-disdg7gHuTDZtY+ZdkmLpPCk7fxZSu3gBiEGuoC1XYxv9cGx3Z6cpTggCgW6odSOOIXCiDjuGejW+aJKCY/pIQ==",
      "license": "MIT",
      "dependencies": {
        "@noble/hashes": "~1.4.0",
        "@scure/base": "~1.1.6"
      },
      "funding": {
        "url": "https://paulmillr.com/funding/"
      }
    },
    "node_modules/@scure/bip39/node_modules/@noble/hashes": {
      "version": "1.4.0",
      "resolved": "https://registry.npmjs.org/@noble/hashes/-/hashes-1.4.0.tgz",
      "integrity": "sha512-V1JJ1WTRUqHHrOSh597hURcMqVKVGL/ea3kv0gSnEdsEZ0/+VyPghM1lMNGc00z7CIQorSvbKpuJkxvuHbvdbg==",
      "license": "MIT",
      "engines": {
        "node": ">= 16"
      },
      "funding": {
        "url": "https://paulmillr.com/funding/"
      }
    },
    "node_modules/@types/node": {
      "version": "26.1.1",
      "resolved": "https://registry.npmjs.org/@types/node/-/node-26.1.1.tgz",
      "integrity": "sha512-nxAkRSVkN1Y0JC1W8ky/fTfkGsMmcrRsbx+3XoZE+rMOX71kLYTV7fLXpqud1GpbpP5TuffXFqfX7fH2GgZREw==",
      "license": "MIT",
      "dependencies": {
        "undici-types": "~8.3.0"
      }
    },
    "node_modules/@types/readable-stream": {
      "version": "2.3.15",
      "resolved": "https://registry.npmjs.org/@types/readable-stream/-/readable-stream-2.3.15.tgz",
      "integrity": "sha512-oM5JSKQCcICF1wvGgmecmHldZ48OZamtMxcGGVICOJA8o8cahXC1zEVAif8iwoc5j8etxFaRFnf095+CDsuoFQ==",
      "license": "MIT",
      "dependencies": {
        "@types/node": "*",
        "safe-buffer": "~5.1.1"
      }
    },
    "node_modules/aes-js": {
      "version": "4.0.0-beta.5",
      "resolved": "https://registry.npmjs.org/aes-js/-/aes-js-4.0.0-beta.5.tgz",
      "integrity": "sha512-G965FqalsNyrPqgEGON7nIx1e/OVENSgiEIzyC63haUMuvNnwIgIjMs52hlTCKhkBny7A2ORNlfY9Zu+jmGk1Q==",
      "license": "MIT"
    },
    "node_modules/debug": {
      "version": "4.4.3",
      "resolved": "https://registry.npmjs.org/debug/-/debug-4.4.3.tgz",
      "integrity": "sha512-RGwwWnwQvkVfavKVt22FGLw+xYSdzARwm0ru6DhTVA3umU5hZc28V3kO4stgYryrTlLpuvgI9GiijltAjNbcqA==",
      "license": "MIT",
      "dependencies": {
        "ms": "^2.1.3"
      },
      "engines": {
        "node": ">=6.0"
      },
      "peerDependenciesMeta": {
        "supports-color": {
          "optional": true
        }
      }
    },
    "node_modules/ethereum-cryptography": {
      "version": "2.2.1",
      "resolved": "https://registry.npmjs.org/ethereum-cryptography/-/ethereum-cryptography-2.2.1.tgz",
      "integrity": "sha512-r/W8lkHSiTLxUxW8Rf3u4HGB0xQweG2RyETjywylKZSzLWoWAijRz8WCuOtJ6wah+avllXBqZuk29HCCvhEIRg==",
      "license": "MIT",
      "dependencies": {
        "@noble/curves": "1.4.2",
        "@noble/hashes": "1.4.0",
        "@scure/bip32": "1.4.0",
        "@scure/bip39": "1.3.0"
      }
    },
    "node_modules/ethereum-cryptography/node_modules/@noble/curves": {
      "version": "1.4.2",
      "resolved": "https://registry.npmjs.org/@noble/curves/-/curves-1.4.2.tgz",
      "integrity": "sha512-TavHr8qycMChk8UwMld0ZDRvatedkzWfH8IiaeGCfymOP5i0hSCozz9vHOL0nkwk7HRMlFnAiKpS2jrUmSybcw==",
      "license": "MIT",
      "dependencies": {
        "@noble/hashes": "1.4.0"
      },
      "funding": {
        "url": "https://paulmillr.com/funding/"
      }
    },
    "node_modules/ethereum-cryptography/node_modules/@noble/hashes": {
      "version": "1.4.0",
      "resolved": "https://registry.npmjs.org/@noble/hashes/-/hashes-1.4.0.tgz",
      "integrity": "sha512-V1JJ1WTRUqHHrOSh597hURcMqVKVGL/ea3kv0gSnEdsEZ0/+VyPghM1lMNGc00z7CIQorSvbKpuJkxvuHbvdbg==",
      "license": "MIT",
      "engines": {
        "node": ">= 16"
      },
      "funding": {
        "url": "https://paulmillr.com/funding/"
      }
    },
    "node_modules/ethers": {
      "version": "6.17.0",
      "resolved": "https://registry.npmjs.org/ethers/-/ethers-6.17.0.tgz",
      "integrity": "sha512-BpyrpIPJ3ydEVow8zGaz1DuPS7YU8DcWxuBnY9a0UA/lvAPwrMr+EPXsfrul628SRaekPNeIM4UFh/91GWZang==",
      "funding": [
        {
          "type": "individual",
          "url": "https://github.com/sponsors/ethers-io/"
        },
        {
          "type": "individual",
          "url": "https://www.buymeacoffee.com/ricmoo"
        }
      ],
      "license": "MIT",
      "dependencies": {
        "@adraffy/ens-normalize": "1.11.1",
        "@noble/curves": "1.2.0",
        "@noble/hashes": "1.3.2",
        "@types/node": "22.7.5",
        "aes-js": "4.0.0-beta.5",
        "tslib": "2.7.0",
        "ws": "8.21.0"
      },
      "engines": {
        "node": ">=14.0.0"
      }
    },
    "node_modules/ethers/node_modules/@noble/curves": {
      "version": "1.2.0",
      "resolved": "https://registry.npmjs.org/@noble/curves/-/curves-1.2.0.tgz",
      "integrity": "sha512-oYclrNgRaM9SsBUBVbb8M6DTV7ZHRTKugureoYEncY5c65HOmRzvSiTE3y5CYaPYJA/GVkrhXEoF0M3Ya9PMnw==",
      "license": "MIT",
      "dependencies": {
        "@noble/hashes": "1.3.2"
      },
      "funding": {
        "url": "https://paulmillr.com/funding/"
      }
    },
    "node_modules/ethers/node_modules/@noble/hashes": {
      "version": "1.3.2",
      "resolved": "https://registry.npmjs.org/@noble/hashes/-/hashes-1.3.2.tgz",
      "integrity": "sha512-MVC8EAQp7MvEcm30KWENFjgR+Mkmf+D189XJTkFIlwohU5hcBbn1ZkKq7KVTi2Hme3PMGF390DaL52beVrIihQ==",
      "license": "MIT",
      "engines": {
        "node": ">= 16"
      },
      "funding": {
        "url": "https://paulmillr.com/funding/"
      }
    },
    "node_modules/ethers/node_modules/@types/node": {
      "version": "22.7.5",
      "resolved": "https://registry.npmjs.org/@types/node/-/node-22.7.5.tgz",
      "integrity": "sha512-jML7s2NAzMWc//QSJ1a3prpk78cOPchGvXJsC3C6R6PSMoooztvRVQEz89gmBTBY1SPMaqo5teB4uNHPdetShQ==",
      "license": "MIT",
      "dependencies": {
        "undici-types": "~6.19.2"
      }
    },
    "node_modules/ethers/node_modules/undici-types": {
      "version": "6.19.8",
      "resolved": "https://registry.npmjs.org/undici-types/-/undici-types-6.19.8.tgz",
      "integrity": "sha512-ve2KP6f/JnbPBFyobGHuerC9g1FYGn/F8n1LWTwNxCEzd6IfqTwUQcNXgEtmmQ6DlRrC1hrSrBnCZPokRrDHjw==",
      "license": "MIT"
    },
    "node_modules/inherits": {
      "version": "2.0.4",
      "resolved": "https://registry.npmjs.org/inherits/-/inherits-2.0.4.tgz",
      "integrity": "sha512-k/vGaX4/Yla3WzyMCvTQOXYeIHvqOKtnqBduzTHpzpQZzAskKMhZ2K+EnBiSM9zGSoIFeMpXKxa4dYeZIQqewQ==",
      "license": "ISC"
    },
    "node_modules/lru-cache": {
      "version": "10.1.0",
      "resolved": "https://registry.npmjs.org/lru-cache/-/lru-cache-10.1.0.tgz",
      "integrity": "sha512-/1clY/ui8CzjKFyjdvwPWJUYKiFVXG2I2cY0ssG7h4+hwk+XOIX7ZSG9Q7TW8TW3Kp3BUSqgFWBLgL4PJ+Blag==",
      "license": "ISC",
      "engines": {
        "node": "14 || >=16.14"
      }
    },
    "node_modules/ms": {
      "version": "2.1.3",
      "resolved": "https://registry.npmjs.org/ms/-/ms-2.1.3.tgz",
      "integrity": "sha512-6FlzubTLZG3J2a/NVCAleEhjzq5oxgHyaCU9yYXvcLsvoVaHJq/s5xXI6/XXP6tz7R9xAOtHnSO/tXtF3WRTlA==",
      "license": "MIT"
    },
    "node_modules/readable-stream": {
      "version": "3.6.2",
      "resolved": "https://registry.npmjs.org/readable-stream/-/readable-stream-3.6.2.tgz",
      "integrity": "sha512-9u/sniCrY3D5WdsERHzHE4G2YCXqoG5FTHUiCC4SIbr6XcLZBY05ya9EKjYek9O5xOAwjGq+1JdGBAS7Q9ScoA==",
      "license": "MIT",
      "dependencies": {
        "inherits": "^2.0.3",
        "string_decoder": "^1.1.1",
        "util-deprecate": "^1.0.1"
      },
      "engines": {
        "node": ">= 6"
      }
    },
    "node_modules/safe-buffer": {
      "version": "5.1.2",
      "resolved": "https://registry.npmjs.org/safe-buffer/-/safe-buffer-5.1.2.tgz",
      "integrity": "sha512-Gd2UZBJDkXlY7GbJxfsE8/nvKkUEU1G38c1siN6QP6a9PT9MmHB8GnpscSmMJSoF8LOIrt8ud/wPtojys4G6+g==",
      "license": "MIT"
    },
    "node_modules/string_decoder": {
      "version": "1.3.0",
      "resolved": "https://registry.npmjs.org/string_decoder/-/string_decoder-1.3.0.tgz",
      "integrity": "sha512-hkRX8U1WjJFd8LsDJ2yQ/wWWxaopEsABU1XfkM8A+j0+85JAGppt16cr1Whg6KIbb4okU6Mql6BOj+uup/wKeA==",
      "license": "MIT",
      "dependencies": {
        "safe-buffer": "~5.2.0"
      }
    },
    "node_modules/string_decoder/node_modules/safe-buffer": {
      "version": "5.2.1",
      "resolved": "https://registry.npmjs.org/safe-buffer/-/safe-buffer-5.2.1.tgz",
      "integrity": "sha512-rp3So07KcdmmKbGvgaNxQSJr7bGVSVk5S9Eq1F+ppbRo70+YeaDxkw5Dd8NPN+GD6bjnYm2VuPuCXmpuYvmCXQ==",
      "funding": [
        {
          "type": "github",
          "url": "https://github.com/sponsors/feross"
        },
        {
          "type": "patreon",
          "url": "https://www.patreon.com/feross"
        },
        {
          "type": "consulting",
          "url": "https://feross.org/support"
        }
      ],
      "license": "MIT"
    },
    "node_modules/tslib": {
      "version": "2.7.0",
      "resolved": "https://registry.npmjs.org/tslib/-/tslib-2.7.0.tgz",
      "integrity": "sha512-gLXCKdN1/j47AiHiOkJN69hJmcbGTHI0ImLmbYLHykhgeN0jVGola9yVjFgzCUklsZQMW55o+dW7IXv3RCXDzA==",
      "license": "0BSD"
    },
    "node_modules/undici-types": {
      "version": "8.3.0",
      "resolved": "https://registry.npmjs.org/undici-types/-/undici-types-8.3.0.tgz",
      "integrity": "sha512-j375ScV60dom+YkPFIfTLcOiPxkN/buHz5GobjLhixFuANaNs3C9l4GmrWqejgXWJ7BbJcFYpTEUkS1Ge8bpZQ==",
      "license": "MIT"
    },
    "node_modules/util-deprecate": {
      "version": "1.0.2",
      "resolved": "https://registry.npmjs.org/util-deprecate/-/util-deprecate-1.0.2.tgz",
      "integrity": "sha512-EPD5q1uXyFxJpCrLnCc1nHnq3gOa6DZBocAIiI2TaSCA7VCJ1UJDMagCzIkXNsUYfD1daK//LTEQ8xiIbrHtcw==",
      "license": "MIT"
    },
    "node_modules/ws": {
      "version": "8.21.0",
      "resolved": "https://registry.npmjs.org/ws/-/ws-8.21.0.tgz",
      "integrity": "sha512-Vsp28b7DRcimFQvrqu2Wek3z1iYxDCWqHYB8Qsnk/S4RfaCQzPGPyBNuVjJV3cd6UiKtUtp6sNM77gWvzcCH+g==",
      "license": "MIT",
      "engines": {
        "node": ">=10.0.0"
      },
      "peerDependencies": {
        "bufferutil": "^4.0.1",
        "utf-8-validate": ">=5.0.2"
      },
      "peerDependenciesMeta": {
        "bufferutil": {
          "optional": true
        },
        "utf-8-validate": {
          "optional": true
        }
      }
    }
  }
}
